github.com/pix303/actor-lib v0.0.0-20250215221620-1f85f93b6a0f h1:1PFAkfsUFRwx2znzPKPQOcYM1lUMOaOd/bWrpe++u6Q=
github.com/pix303/actor-lib v0.0.0-20250215221620-1f85f93b6a0f/go.mod h1:Fy2STCkulEk1l/sfD7Ch0zMlUTYGVA2yO4S6KRmfuFc=
github.com/pix303/localemgmt-go/api v0.0.0-20250317071822-c31f1601ed89 h1:kod8AqNM2DO3+rYwuvTWUs4iN2NZ2E64JrPxaQwEdRI=
github.com/pix303/localemgmt-go/api v0.0.0-20250317071822-c31f1601ed89/go.mod h1:7iqAVba2CnYTUXV+Xp4VcVUFQhcoPv0fL+LHOBHx1r4=
